
Microsoft Visual Studio Solution File, Format Version 12.00
# Visual Studio Version 16
VisualStudioVersion = 16.0.30011.22
MinimumVisualStudioVersion = 10.0.40219.1
Project("{FAE04EC0-301F-11D3-BF4B-00C04F79EFBC}") = "FileWatcherTray", "FileWatcherTray\FileWatcherTray.csproj", "{E653CC2B-A440-4704-818F-275E1A61E0DE}"
EndProject
Global
	GlobalSection(SolutionConfigurationPlatforms) = preSolution
		Debug|Any CPU = Debug|Any CPU
		Release|Any CPU = Release|Any CPU
	EndGlobalSection
	GlobalSection(ProjectConfigurationPlatforms) = postSolution
		{E653CC2B-A440-4704-818F-275E1A61E0DE}.Debug|Any CPU.ActiveCfg = Debug|Any CPU
		{E653CC2B-A440-4704-818F-275E1A61E0DE}.Debug|Any CPU.Build.0 = Debug|Any CPU
		{E653CC2B-A440-4704-818F-275E1A61E0DE}.Release|Any CPU.ActiveCfg = Release|Any CPU
		{E653CC2B-A440-4704-818F-275E1A61E0DE}.Release|Any CPU.Build.0 = Release|Any CPU
	EndGlobalSection
	GlobalSection(SolutionProperties) = preSolution
		HideSolutionNode = FALSE
	EndGlobalSection
	GlobalSection(ExtensibilityGlobals) = postSolution
		SolutionGuid = {F83EA8D0-F179-428E-90E9-94244F23404E}
	EndGlobalSection
EndGlobal
